# This file is autogenerated, do not edit; changes may be undone by the next 'dep ensure'.


[[projects]]
  branch = "master"
  digest = "1:674c1d05beba72cb233bfcea49624f0b584e4e53766a65f800a88b4795a04ff8"
  name = "github.com/99designs/api-sdk-go"
  packages = ["."]
  pruneopts = ""
  revision = "621ccf0ab7a65876a0bff1839764db31486481b2"

[[projects]]
  digest = "1:6cd26dec5142a0e6a6bf8931df56b706cb643bf7f91fb3a064792f07fea94704"
  name = "github.com/codegangsta/cli"
  packages = ["."]
  pruneopts = ""
  revision = "0bdeddeeb0f650497d603c4ad7b20cfe685682f6"
  version = "v1.19.1"

[[projects]]
  branch = "v2"
  digest = "1:f776026dedad7a9fef3c65180084620ca3684a87a177f5da8837755a1f8fa4fd"
  name = "gopkg.in/yaml.v2"
  packages = ["."]
  pruneopts = ""
  revision = "25c4ec802a7d637f88d584ab26798e94ad14c13b"

[solve-meta]
  analyzer-name = "dep"
  analyzer-version = 1
  input-imports = [
    "github.com/99designs/api-sdk-go",
    "github.com/codegangsta/cli",
    "gopkg.in/yaml.v2",
  ]
  solver-name = "gps-cdcl"
  solver-version = 1
