# This file is autogenerated, do not edit; changes may be undone by the next 'dep ensure'.


[[projects]]
  name = "github.com/codegangsta/cli"
  packages = ["."]
  revision = "0bdeddeeb0f650497d603c4ad7b20cfe685682f6"
  version = "v1.19.1"

[[projects]]
  name = "github.com/google/go-querystring"
  packages = ["query"]
  revision = "547ef5ac979778feb2f760cdb5f4eae1a2207b86"

[[projects]]
  name = "gopkg.in/yaml.v2"
  packages = ["."]
  revision = "c1cd2254a6dd314c9d73c338c12688c9325d85c6"

[solve-meta]
  analyzer-name = "dep"
  analyzer-version = 1
  inputs-digest = "f75b2dd133070e372f1265572086ca6d43f087e3926a217c567583a4173b674e"
  solver-name = "gps-cdcl"
  solver-version = 1
